// !$*UTF8*$!
{
	archiveVersion = 1;
	classes = {
	};
	objectVersion = 46;
	objects = {

/* Begin PBXBuildFile section */
		5434E8B41CAF98E900B74B2A /* ContainerViewController.swift in Sources */ = {isa = PBXBuildFile; fileRef = 5434E8B31CAF98E900B74B2A /* ContainerViewController.swift */; };
		546B8EDB1BF6F1D10098AA26 /* SelfFeedViewController.swift in Sources */ = {isa = PBXBuildFile; fileRef = 546B8EDA1BF6F1D10098AA26 /* SelfFeedViewController.swift */; };
		546B8EE51C01FB270098AA26 /* SwipeMenuViewController.swift in Sources */ = {isa = PBXBuildFile; fileRef = 546B8EE41C01FB270098AA26 /* SwipeMenuViewController.swift */; };
		54A52E7C1C818C8600FA79BB /* UIImageView+WebCache.h in Headers */ = {isa = PBXBuildFile; fileRef = 54A52E7B1C818C8600FA79BB /* UIImageView+WebCache.h */; settings = {ATTRIBUTES = (Public, ); }; };
		54A52E7E1C818C9F00FA79BB /* MNMBottomPullToRefreshManager.h in Headers */ = {isa = PBXBuildFile; fileRef = 54A52E7D1C818C9F00FA79BB /* MNMBottomPullToRefreshManager.h */; settings = {ATTRIBUTES = (Public, ); }; };
		54CF6E1E1BD11B59004896A8 /* AppDelegate.swift in Sources */ = {isa = PBXBuildFile; fileRef = 54CF6E1D1BD11B59004896A8 /* AppDelegate.swift */; };
		54CF6E201BD11B59004896A8 /* ViewController.swift in Sources */ = {isa = PBXBuildFile; fileRef = 54CF6E1F1BD11B59004896A8 /* ViewController.swift */; };
		54CF6E231BD11B59004896A8 /* Main.storyboard in Resources */ = {isa = PBXBuildFile; fileRef = 54CF6E211BD11B59004896A8 /* Main.storyboard */; };
		54CF6E251BD11B59004896A8 /* Assets.xcassets in Resources */ = {isa = PBXBuildFile; fileRef = 54CF6E241BD11B59004896A8 /* Assets.xcassets */; };
		54CF6E281BD11B59004896A8 /* LaunchScreen.storyboard in Resources */ = {isa = PBXBuildFile; fileRef = 54CF6E261BD11B59004896A8 /* LaunchScreen.storyboard */; };
		54CF6E331BD11B59004896A8 /* PicchannelTests.swift in Sources */ = {isa = PBXBuildFile; fileRef = 54CF6E321BD11B59004896A8 /* PicchannelTests.swift */; };
		54CF6E3E1BD11B59004896A8 /* PicchannelUITests.swift in Sources */ = {isa = PBXBuildFile; fileRef = 54CF6E3D1BD11B59004896A8 /* PicchannelUITests.swift */; };
		9A0571188AA0F6A3581B40DB /* Pods.framework in Frameworks */ = {isa = PBXBuildFile; fileRef = BF0AB8B7FC22E294FA28875E /* Pods.framework */; };
/* End PBXBuildFile section */

/* Begin PBXContainerItemProxy section */
		54CF6E2F1BD11B59004896A8 /* PBXContainerItemProxy */ = {
			isa = PBXContainerItemProxy;
			containerPortal = 54CF6E121BD11B59004896A8 /* Project object */;
			proxyType = 1;
			remoteGlobalIDString = 54CF6E191BD11B59004896A8;
			remoteInfo = Picchannel;
		};
		54CF6E3A1BD11B59004896A8 /* PBXContainerItemProxy */ = {
			isa = PBXContainerItemProxy;
			containerPortal = 54CF6E121BD11B59004896A8 /* Project object */;
			proxyType = 1;
			remoteGlobalIDString = 54CF6E191BD11B59004896A8;
			remoteInfo = Picchannel;
		};
/* End PBXContainerItemProxy section */

/* Begin PBXFileReference section */
		37EBE50D7E7BA470D2E56190 /* Pods.release.xcconfig */ = {isa = PBXFileReference; includeInIndex = 1; lastKnownFileType = text.xcconfig; name = Pods.release.xcconfig; path = "Pods/Target Support Files/Pods/Pods.release.xcconfig"; sourceTree = "<group>"; };
		5412D1011BDC6BF700799028 /* Picchannel-Bridging-Header.h */ = {isa = PBXFileReference; lastKnownFileType = sourcecode.c.h; path = "Picchannel-Bridging-Header.h"; sourceTree = "<group>"; };
		5434E8B31CAF98E900B74B2A /* ContainerViewController.swift */ = {isa = PBXFileReference; fileEncoding = 4; lastKnownFileType = sourcecode.swift; path = ContainerViewController.swift; sourceTree = "<group>"; };
		546B8EDA1BF6F1D10098AA26 /* SelfFeedViewController.swift */ = {isa = PBXFileReference; fileEncoding = 4; lastKnownFileType = sourcecode.swift; path = SelfFeedViewController.swift; sourceTree = "<group>"; };
		546B8EE41C01FB270098AA26 /* SwipeMenuViewController.swift */ = {isa = PBXFileReference; fileEncoding = 4; lastKnownFileType = sourcecode.swift; path = SwipeMenuViewController.swift; sourceTree = "<group>"; };
		54A52E7B1C818C8600FA79BB /* UIImageView+WebCache.h */ = {isa = PBXFileReference; lastKnownFileType = sourcecode.c.h; name = "UIImageView+WebCache.h"; path = "Pods/SDWebImage/SDWebImage/UIImageView+WebCache.h"; sourceTree = "<group>"; };
		54A52E7D1C818C9F00FA79BB /* MNMBottomPullToRefreshManager.h */ = {isa = PBXFileReference; lastKnownFileType = sourcecode.c.h; name = MNMBottomPullToRefreshManager.h; path = Pods/MNMBottomPullToRefresh/MNMBottomPullToRefreshDemo/MNMBottomPullToRefresh/MNMBottomPullToRefreshManager.h; sourceTree = "<group>"; };
		54CF6E1A1BD11B59004896A8 /* Picchannel.app */ = {isa = PBXFileReference; explicitFileType = wrapper.application; includeInIndex = 0; path = Picchannel.app; sourceTree = BUILT_PRODUCTS_DIR; };
		54CF6E1D1BD11B59004896A8 /* AppDelegate.swift */ = {isa = PBXFileReference; lastKnownFileType = sourcecode.swift; path = AppDelegate.swift; sourceTree = "<group>"; };
		54CF6E1F1BD11B59004896A8 /* ViewController.swift */ = {isa = PBXFileReference; lastKnownFileType = sourcecode.swift; path = ViewController.swift; sourceTree = "<group>"; };
		54CF6E221BD11B59004896A8 /* Base */ = {isa = PBXFileReference; lastKnownFileType = file.storyboard; name = Base; path = Base.lproj/Main.storyboard; sourceTree = "<group>"; };
		54CF6E241BD11B59004896A8 /* Assets.xcassets */ = {isa = PBXFileReference; lastKnownFileType = folder.assetcatalog; path = Assets.xcassets; sourceTree = "<group>"; };
		54CF6E271BD11B59004896A8 /* Base */ = {isa = PBXFileReference; lastKnownFileType = file.storyboard; name = Base; path = Base.lproj/LaunchScreen.storyboard; sourceTree = "<group>"; };
		54CF6E291BD11B59004896A8 /* Info.plist */ = {isa = PBXFileReference; lastKnownFileType = text.plist.xml; path = Info.plist; sourceTree = "<group>"; };
		54CF6E2E1BD11B59004896A8 /* PicchannelTests.xctest */ = {isa = PBXFileReference; explicitFileType = wrapper.cfbundle; includeInIndex = 0; path = PicchannelTests.xctest; sourceTree = BUILT_PRODUCTS_DIR; };
		54CF6E321BD11B59004896A8 /* PicchannelTests.swift */ = {isa = PBXFileReference; lastKnownFileType = sourcecode.swift; path = PicchannelTests.swift; sourceTree = "<group>"; };
		54CF6E341BD11B59004896A8 /* Info.plist */ = {isa = PBXFileReference; lastKnownFileType = text.plist.xml; path = Info.plist; sourceTree = "<group>"; };
		54CF6E391BD11B59004896A8 /* PicchannelUITests.xctest */ = {isa = PBXFileReference; explicitFileType = wrapper.cfbundle; includeInIndex = 0; path = PicchannelUITests.xctest; sourceTree = BUILT_PRODUCTS_DIR; };
		54CF6E3D1BD11B59004896A8 /* PicchannelUITests.swift */ = {isa = PBXFileReference; lastKnownFileType = sourcecode.swift; path = PicchannelUITests.swift; sourceTree = "<group>"; };
		54CF6E3F1BD11B59004896A8 /* Info.plist */ = {isa = PBXFileReference; lastKnownFileType = text.plist.xml; path = Info.plist; sourceTree = "<group>"; };
		BF0AB8B7FC22E294FA28875E /* Pods.framework */ = {isa = PBXFileReference; explicitFileType = wrapper.framework; includeInIndex = 0; path = Pods.framework; sourceTree = BUILT_PRODUCTS_DIR; };
		D85B6E84FFAF0FC492D6ECBF /* Pods.debug.xcconfig */ = {isa = PBXFileReference; includeInIndex = 1; lastKnownFileType = text.xcconfig; name = Pods.debug.xcconfig; path = "Pods/Target Support Files/Pods/Pods.debug.xcconfig"; sourceTree = "<group>"; };
/* End PBXFileReference section */

/* Begin PBXFrameworksBuildPhase section */
		54CF6E171BD11B59004896A8 /* Frameworks */ = {
			isa = PBXFrameworksBuildPhase;
			buildActionMask = 2147483647;
			files = (
				9A0571188AA0F6A3581B40DB /* Pods.framework in Frameworks */,
			);
			runOnlyForDeploymentPostprocessing = 0;
		};
		54CF6E2B1BD11B59004896A8 /* Frameworks */ = {
			isa = PBXFrameworksBuildPhase;
			buildActionMask = 2147483647;
			files = (
			);
			runOnlyForDeploymentPostprocessing = 0;
		};
		54CF6E361BD11B59004896A8 /* Frameworks */ = {
			isa = PBXFrameworksBuildPhase;
			buildActionMask = 2147483647;
			files = (
			);
			runOnlyForDeploymentPostprocessing = 0;
		};
/* End PBXFrameworksBuildPhase section */

/* Begin PBXGroup section */
		03B1D98F5ED5A544C5E3DF43 /* Frameworks */ = {
			isa = PBXGroup;
			children = (
				BF0AB8B7FC22E294FA28875E /* Pods.framework */,
			);
			name = Frameworks;
			sourceTree = "<group>";
		};
		54CF6E111BD11B59004896A8 = {
			isa = PBXGroup;
			children = (
				54A52E7D1C818C9F00FA79BB /* MNMBottomPullToRefreshManager.h */,
				54A52E7B1C818C8600FA79BB /* UIImageView+WebCache.h */,
				54CF6E1C1BD11B59004896A8 /* Picchannel */,
				54CF6E311BD11B59004896A8 /* PicchannelTests */,
				54CF6E3C1BD11B59004896A8 /* PicchannelUITests */,
				54CF6E1B1BD11B59004896A8 /* Products */,
				7827E4DFB2EA9C4618D1ECC6 /* Pods */,
				03B1D98F5ED5A544C5E3DF43 /* Frameworks */,
			);
			sourceTree = "<group>";
		};
		54CF6E1B1BD11B59004896A8 /* Products */ = {
			isa = PBXGroup;
			children = (
				54CF6E1A1BD11B59004896A8 /* Picchannel.app */,
				54CF6E2E1BD11B59004896A8 /* PicchannelTests.xctest */,
				54CF6E391BD11B59004896A8 /* PicchannelUITests.xctest */,
			);
			name = Products;
			sourceTree = "<group>";
		};
		54CF6E1C1BD11B59004896A8 /* Picchannel */ = {
			isa = PBXGroup;
			children = (
				54CF6E1D1BD11B59004896A8 /* AppDelegate.swift */,
				54CF6E1F1BD11B59004896A8 /* ViewController.swift */,
				546B8EE41C01FB270098AA26 /* SwipeMenuViewController.swift */,
				546B8EDA1BF6F1D10098AA26 /* SelfFeedViewController.swift */,
				5434E8B31CAF98E900B74B2A /* ContainerViewController.swift */,
				54CF6E211BD11B59004896A8 /* Main.storyboard */,
				54CF6E241BD11B59004896A8 /* Assets.xcassets */,
				54CF6E261BD11B59004896A8 /* LaunchScreen.storyboard */,
				54CF6E291BD11B59004896A8 /* Info.plist */,
				5412D1011BDC6BF700799028 /* Picchannel-Bridging-Header.h */,
			);
			path = Picchannel;
			sourceTree = "<group>";
		};
		54CF6E311BD11B59004896A8 /* PicchannelTests */ = {
			isa = PBXGroup;
			children = (
				54CF6E321BD11B59004896A8 /* PicchannelTests.swift */,
				54CF6E341BD11B59004896A8 /* Info.plist */,
			);
			path = PicchannelTests;
			sourceTree = "<group>";
		};
		54CF6E3C1BD11B59004896A8 /* PicchannelUITests */ = {
			isa = PBXGroup;
			children = (
				54CF6E3D1BD11B59004896A8 /* PicchannelUITests.swift */,
				54CF6E3F1BD11B59004896A8 /* Info.plist */,
			);
			path = PicchannelUITests;
			sourceTree = "<group>";
		};
		7827E4DFB2EA9C4618D1ECC6 /* Pods */ = {
			isa = PBXGroup;
			children = (
				D85B6E84FFAF0FC492D6ECBF /* Pods.debug.xcconfig */,
				37EBE50D7E7BA470D2E56190 /* Pods.release.xcconfig */,
			);
			name = Pods;
			sourceTree = "<group>";
		};
/* End PBXGroup section */

/* Begin PBXHeadersBuildPhase section */
		54A52E7A1C818C3800FA79BB /* Headers */ = {
			isa = PBXHeadersBuildPhase;
			buildActionMask = 2147483647;
			files = (
				54A52E7C1C818C8600FA79BB /* UIImageView+WebCache.h in Headers */,
				54A52E7E1C818C9F00FA79BB /* MNMBottomPullToRefreshManager.h in Headers */,
			);
			runOnlyForDeploymentPostprocessing = 0;
		};
/* End PBXHeadersBuildPhase section */

/* Begin PBXNativeTarget section */
		54CF6E191BD11B59004896A8 /* Picchannel */ = {
			isa = PBXNativeTarget;
			buildConfigurationList = 54CF6E421BD11B59004896A8 /* Build configuration list for PBXNativeTarget "Picchannel" */;
			buildPhases = (
				B6890150324FCC50C237C70F /* Check Pods Manifest.lock */,
				54CF6E161BD11B59004896A8 /* Sources */,
				54CF6E171BD11B59004896A8 /* Frameworks */,
				54CF6E181BD11B59004896A8 /* Resources */,
				D62EE6D6E4CE5C248C52E555 /* Embed Pods Frameworks */,
				4E3B4751D4AFE23E02AD6A0A /* Copy Pods Resources */,
				54A52E7A1C818C3800FA79BB /* Headers */,
			);
			buildRules = (
			);
			dependencies = (
			);
			name = Picchannel;
			productName = Picchannel;
			productReference = 54CF6E1A1BD11B59004896A8 /* Picchannel.app */;
			productType = "com.apple.product-type.application";
		};
		54CF6E2D1BD11B59004896A8 /* PicchannelTests */ = {
			isa = PBXNativeTarget;
			buildConfigurationList = 54CF6E451BD11B59004896A8 /* Build configuration list for PBXNativeTarget "PicchannelTests" */;
			buildPhases = (
				54CF6E2A1BD11B59004896A8 /* Sources */,
				54CF6E2B1BD11B59004896A8 /* Frameworks */,
				54CF6E2C1BD11B59004896A8 /* Resources */,
			);
			buildRules = (
			);
			dependencies = (
				54CF6E301BD11B59004896A8 /* PBXTargetDependency */,
			);
			name = PicchannelTests;
			productName = PicchannelTests;
			productReference = 54CF6E2E1BD11B59004896A8 /* PicchannelTests.xctest */;
			productType = "com.apple.product-type.bundle.unit-test";
		};
		54CF6E381BD11B59004896A8 /* PicchannelUITests */ = {
			isa = PBXNativeTarget;
			buildConfigurationList = 54CF6E481BD11B59004896A8 /* Build configuration list for PBXNativeTarget "PicchannelUITests" */;
			buildPhases = (
				54CF6E351BD11B59004896A8 /* Sources */,
				54CF6E361BD11B59004896A8 /* Frameworks */,
				54CF6E371BD11B59004896A8 /* Resources */,
			);
			buildRules = (
			);
			dependencies = (
				54CF6E3B1BD11B59004896A8 /* PBXTargetDependency */,
			);
			name = PicchannelUITests;
			productName = PicchannelUITests;
			productReference = 54CF6E391BD11B59004896A8 /* PicchannelUITests.xctest */;
			productType = "com.apple.product-type.bundle.ui-testing";
		};
/* End PBXNativeTarget section */

/* Begin PBXProject section */
		54CF6E121BD11B59004896A8 /* Project object */ = {
			isa = PBXProject;
			attributes = {
				LastSwiftUpdateCheck = 0700;
				LastUpgradeCheck = 0700;
				ORGANIZATIONNAME = ktp;
				TargetAttributes = {
					54CF6E191BD11B59004896A8 = {
						CreatedOnToolsVersion = 7.0;
						DevelopmentTeam = GN4N99452V;
					};
					54CF6E2D1BD11B59004896A8 = {
						CreatedOnToolsVersion = 7.0;
						DevelopmentTeam = GN4N99452V;
						TestTargetID = 54CF6E191BD11B59004896A8;
					};
					54CF6E381BD11B59004896A8 = {
						CreatedOnToolsVersion = 7.0;
						DevelopmentTeam = GN4N99452V;
						TestTargetID = 54CF6E191BD11B59004896A8;
					};
				};
			};
			buildConfigurationList = 54CF6E151BD11B59004896A8 /* Build configuration list for PBXProject "Picchannel" */;
			compatibilityVersion = "Xcode 3.2";
			developmentRegion = English;
			hasScannedForEncodings = 0;
			knownRegions = (
				en,
				Base,
			);
			mainGroup = 54CF6E111BD11B59004896A8;
			productRefGroup = 54CF6E1B1BD11B59004896A8 /* Products */;
			projectDirPath = "";
			projectRoot = "";
			targets = (
				54CF6E191BD11B59004896A8 /* Picchannel */,
				54CF6E2D1BD11B59004896A8 /* PicchannelTests */,
				54CF6E381BD11B59004896A8 /* PicchannelUITests */,
			);
		};
/* End PBXProject section */

/* Begin PBXResourcesBuildPhase section */
		54CF6E181BD11B59004896A8 /* Resources */ = {
			isa = PBXResourcesBuildPhase;
			buildActionMask = 2147483647;
			files = (
				54CF6E281BD11B59004896A8 /* LaunchScreen.storyboard in Resources */,
				54CF6E251BD11B59004896A8 /* Assets.xcassets in Resources */,
				54CF6E231BD11B59004896A8 /* Main.storyboard in Resources */,
			);
			runOnlyForDeploymentPostprocessing = 0;
		};
		54CF6E2C1BD11B59004896A8 /* Resources */ = {
			isa = PBXResourcesBuildPhase;
			buildActionMask = 2147483647;
			files = (
			);
			runOnlyForDeploymentPostprocessing = 0;
		};
		54CF6E371BD11B59004896A8 /* Resources */ = {
			isa = PBXResourcesBuildPhase;
			buildActionMask = 2147483647;
			files = (
			);
			runOnlyForDeploymentPostprocessing = 0;
		};
/* End PBXResourcesBuildPhase section */

/* Begin PBXShellScriptBuildPhase section */
		4E3B4751D4AFE23E02AD6A0A /* Copy Pods Resources */ = {
			isa = PBXShellScriptBuildPhase;
			buildActionMask = 2147483647;
			files = (
			);
			inputPaths = (
			);
			name = "Copy Pods Resources";
			outputPaths = (
			);
			runOnlyForDeploymentPostprocessing = 0;
			shellPath = /bin/sh;
			shellScript = "\"${SRCROOT}/Pods/Target Support Files/Pods/Pods-resources.sh\"\n";
			showEnvVarsInLog = 0;
		};
		B6890150324FCC50C237C70F /* Check Pods Manifest.lock */ = {
			isa = PBXShellScriptBuildPhase;
			buildActionMask = 2147483647;
			files = (
			);
			inputPaths = (
			);
			name = "Check Pods Manifest.lock";
			outputPaths = (
			);
			runOnlyForDeploymentPostprocessing = 0;
			shellPath = /bin/sh;
			shellScript = "diff \"${PODS_ROOT}/../Podfile.lock\" \"${PODS_ROOT}/Manifest.lock\" > /dev/null\nif [[ $? != 0 ]] ; then\n    cat << EOM\nerror: The sandbox is not in sync with the Podfile.lock. Run 'pod install' or update your CocoaPods installation.\nEOM\n    exit 1\nfi\n";
			showEnvVarsInLog = 0;
		};
		D62EE6D6E4CE5C248C52E555 /* Embed Pods Frameworks */ = {
			isa = PBXShellScriptBuildPhase;
			buildActionMask = 2147483647;
			files = (
			);
			inputPaths = (
			);
			name = "Embed Pods Frameworks";
			outputPaths = (
			);
			runOnlyForDeploymentPostprocessing = 0;
			shellPath = /bin/sh;
			shellScript = "\"${SRCROOT}/Pods/Target Support Files/Pods/Pods-frameworks.sh\"\n";
			showEnvVarsInLog = 0;
		};
/* End PBXShellScriptBuildPhase section */

/* Begin PBXSourcesBuildPhase section */
		54CF6E161BD11B59004896A8 /* Sources */ = {
			isa = PBXSourcesBuildPhase;
			buildActionMask = 2147483647;
			files = (
				546B8EE51C01FB270098AA26 /* SwipeMenuViewController.swift in Sources */,
				546B8EDB1BF6F1D10098AA26 /* SelfFeedViewController.swift in Sources */,
				5434E8B41CAF98E900B74B2A /* ContainerViewController.swift in Sources */,
				54CF6E201BD11B59004896A8 /* ViewController.swift in Sources */,
				54CF6E1E1BD11B59004896A8 /* AppDelegate.swift in Sources */,
			);
			runOnlyForDeploymentPostprocessing = 0;
		};
		54CF6E2A1BD11B59004896A8 /* Sources */ = {
			isa = PBXSourcesBuildPhase;
			buildActionMask = 2147483647;
			files = (
				54CF6E331BD11B59004896A8 /* PicchannelTests.swift in Sources */,
			);
			runOnlyForDeploymentPostprocessing = 0;
		};
		54CF6E351BD11B59004896A8 /* Sources */ = {
			isa = PBXSourcesBuildPhase;
			buildActionMask = 2147483647;
			files = (
				54CF6E3E1BD11B59004896A8 /* PicchannelUITests.swift in Sources */,
			);
			runOnlyForDeploymentPostprocessing = 0;
		};
/* End PBXSourcesBuildPhase section */

/* Begin PBXTargetDependency section */
		54CF6E301BD11B59004896A8 /* PBXTargetDependency */ = {
			isa = PBXTargetDependency;
			target = 54CF6E191BD11B59004896A8 /* Picchannel */;
			targetProxy = 54CF6E2F1BD11B59004896A8 /* PBXContainerItemProxy */;
		};
		54CF6E3B1BD11B59004896A8 /* PBXTargetDependency */ = {
			isa = PBXTargetDependency;
			target = 54CF6E191BD11B59004896A8 /* Picchannel */;
			targetProxy = 54CF6E3A1BD11B59004896A8 /* PBXContainerItemProxy */;
		};
/* End PBXTargetDependency section */

/* Begin PBXVariantGroup section */
		54CF6E211BD11B59004896A8 /* Main.storyboard */ = {
			isa = PBXVariantGroup;
			children = (
				54CF6E221BD11B59004896A8 /* Base */,
			);
			name = Main.storyboard;
			sourceTree = "<group>";
		};
		54CF6E261BD11B59004896A8 /* LaunchScreen.storyboard */ = {
			isa = PBXVariantGroup;
			children = (
				54CF6E271BD11B59004896A8 /* Base */,
			);
			name = LaunchScreen.storyboard;
			sourceTree = "<group>";
		};
/* End PBXVariantGroup section */

/* Begin XCBuildConfiguration section */
		54CF6E401BD11B59004896A8 /* Debug */ = {
			isa = XCBuildConfiguration;
			buildSettings = {
				ALWAYS_SEARCH_USER_PATHS = NO;
				CLANG_CXX_LANGUAGE_STANDARD = "gnu++0x";
				CLANG_CXX_LIBRARY = "libc++";
				CLANG_ENABLE_MODULES = YES;
				CLANG_ENABLE_OBJC_ARC = YES;
				CLANG_WARN_BOOL_CONVERSION = YES;
				CLANG_WARN_CONSTANT_CONVERSION = YES;
				CLANG_WARN_DIRECT_OBJC_ISA_USAGE = YES_ERROR;
				CLANG_WARN_EMPTY_BODY = YES;
				CLANG_WARN_ENUM_CONVERSION = YES;
				CLANG_WARN_INT_CONVERSION = YES;
				CLANG_WARN_OBJC_ROOT_CLASS = YES_ERROR;
				CLANG_WARN_UNREACHABLE_CODE = YES;
				CLANG_WARN__DUPLICATE_METHOD_MATCH = YES;
				"CODE_SIGN_IDENTITY[sdk=iphoneos*]" = "iPhone Developer";
				COPY_PHASE_STRIP = NO;
				DEBUG_INFORMATION_FORMAT = dwarf;
				ENABLE_STRICT_OBJC_MSGSEND = YES;
				ENABLE_TESTABILITY = YES;
				GCC_C_LANGUAGE_STANDARD = gnu99;
				GCC_DYNAMIC_NO_PIC = NO;
				GCC_NO_COMMON_BLOCKS = YES;
				GCC_OPTIMIZATION_LEVEL = 0;
				GCC_PREPROCESSOR_DEFINITIONS = (
					"DEBUG=1",
					"$(inherited)",
				);
				GCC_WARN_64_TO_32_BIT_CONVERSION = YES;
				GCC_WARN_ABOUT_RETURN_TYPE = YES_ERROR;
				GCC_WARN_UNDECLARED_SELECTOR = YES;
				GCC_WARN_UNINITIALIZED_AUTOS = YES_AGGRESSIVE;
				GCC_WARN_UNUSED_FUNCTION = YES;
				GCC_WARN_UNUSED_VARIABLE = YES;
				IPHONEOS_DEPLOYMENT_TARGET = 9.0;
				MTL_ENABLE_DEBUG_INFO = YES;
				ONLY_ACTIVE_ARCH = YES;
				SDKROOT = iphoneos;
				SWIFT_OPTIMIZATION_LEVEL = "-Onone";
				TARGETED_DEVICE_FAMILY = "1,2";
			};
			name = Debug;
		};
		54CF6E411BD11B59004896A8 /* Release */ = {
			isa = XCBuildConfiguration;
			buildSettings = {
				ALWAYS_SEARCH_USER_PATHS = NO;
				CLANG_CXX_LANGUAGE_STANDARD = "gnu++0x";
				CLANG_CXX_LIBRARY = "libc++";
				CLANG_ENABLE_MODULES = YES;
				CLANG_ENABLE_OBJC_ARC = YES;
				CLANG_WARN_BOOL_CONVERSION = YES;
				CLANG_WARN_CONSTANT_CONVERSION = YES;
				CLANG_WARN_DIRECT_OBJC_ISA_USAGE = YES_ERROR;
				CLANG_WARN_EMPTY_BODY = YES;
				CLANG_WARN_ENUM_CONVERSION = YES;
				CLANG_WARN_INT_CONVERSION = YES;
				CLANG_WARN_OBJC_ROOT_CLASS = YES_ERROR;
				CLANG_WARN_UNREACHABLE_CODE = YES;
				CLANG_WARN__DUPLICATE_METHOD_MATCH = YES;
				"CODE_SIGN_IDENTITY[sdk=iphoneos*]" = "iPhone Developer";
				COPY_PHASE_STRIP = NO;
				DEBUG_INFORMATION_FORMAT = "dwarf-with-dsym";
				ENABLE_NS_ASSERTIONS = NO;
				ENABLE_STRICT_OBJC_MSGSEND = YES;
				GCC_C_LANGUAGE_STANDARD = gnu99;
				GCC_NO_COMMON_BLOCKS = YES;
				GCC_WARN_64_TO_32_BIT_CONVERSION = YES;
				GCC_WARN_ABOUT_RETURN_TYPE = YES_ERROR;
				GCC_WARN_UNDECLARED_SELECTOR = YES;
				GCC_WARN_UNINITIALIZED_AUTOS = YES_AGGRESSIVE;
				GCC_WARN_UNUSED_FUNCTION = YES;
				GCC_WARN_UNUSED_VARIABLE = YES;
				IPHONEOS_DEPLOYMENT_TARGET = 9.0;
				MTL_ENABLE_DEBUG_INFO = NO;
				SDKROOT = iphoneos;
				TARGETED_DEVICE_FAMILY = "1,2";
				VALIDATE_PRODUCT = YES;
			};
			name = Release;
		};
		54CF6E431BD11B59004896A8 /* Debug */ = {
			isa = XCBuildConfiguration;
			baseConfigurationReference = D85B6E84FFAF0FC492D6ECBF /* Pods.debug.xcconfig */;
			buildSettings = {
				ASSETCATALOG_COMPILER_APPICON_NAME = AppIcon;
				CLANG_ENABLE_MODULES = YES;
				INFOPLIST_FILE = Picchannel/Info.plist;
				IPHONEOS_DEPLOYMENT_TARGET = 9.0;
				LD_RUNPATH_SEARCH_PATHS = "$(inherited) @executable_path/Frameworks";
				PRODUCT_BUNDLE_IDENTIFIER = com.ktp.Picchannel;
				PRODUCT_NAME = "$(TARGET_NAME)";
				SWIFT_OBJC_BRIDGING_HEADER = "Picchannel/Picchannel-Bridging-Header.h";
				SWIFT_OPTIMIZATION_LEVEL = "-Onone";
			};
			name = Debug;
		};
		54CF6E441BD11B59004896A8 /* Release */ = {
			isa = XCBuildConfiguration;
			baseConfigurationReference = 37EBE50D7E7BA470D2E56190 /* Pods.release.xcconfig */;
			buildSettings = {
				ASSETCATALOG_COMPILER_APPICON_NAME = AppIcon;
				CLANG_ENABLE_MODULES = YES;
				INFOPLIST_FILE = Picchannel/Info.plist;
				IPHONEOS_DEPLOYMENT_TARGET = 9.0;
				LD_RUNPATH_SEARCH_PATHS = "$(inherited) @executable_path/Frameworks";
				PRODUCT_BUNDLE_IDENTIFIER = com.ktp.Picchannel;
				PRODUCT_NAME = "$(TARGET_NAME)";
				SWIFT_OBJC_BRIDGING_HEADER = "Picchannel/Picchannel-Bridging-Header.h";
			};
			name = Release;
		};
		54CF6E461BD11B59004896A8 /* Debug */ = {
			isa = XCBuildConfiguration;
			buildSettings = {
				BUNDLE_LOADER = "$(TEST_HOST)";
				INFOPLIST_FILE = PicchannelTests/Info.plist;
				LD_RUNPATH_SEARCH_PATHS = "$(inherited) @executable_path/Frameworks @loader_path/Frameworks";
				PRODUCT_BUNDLE_IDENTIFIER = com.ktp.PicchannelTests;
				PRODUCT_NAME = "$(TARGET_NAME)";
				TEST_HOST = "$(BUILT_PRODUCTS_DIR)/Picchannel.app/Picchannel";
			};
			name = Debug;
		};
		54CF6E471BD11B59004896A8 /* Release */ = {
			isa = XCBuildConfiguration;
			buildSettings = {
				BUNDLE_LOADER = "$(TEST_HOST)";
				INFOPLIST_FILE = PicchannelTests/Info.plist;
				LD_RUNPATH_SEARCH_PATHS = "$(inherited) @executable_path/Frameworks @loader_path/Frameworks";
				PRODUCT_BUNDLE_IDENTIFIER = com.ktp.PicchannelTests;
				PRODUCT_NAME = "$(TARGET_NAME)";
				TEST_HOST = "$(BUILT_PRODUCTS_DIR)/Picchannel.app/Picchannel";
			};
			name = Release;
		};
		54CF6E491BD11B59004896A8 /* Debug */ = {
			isa = XCBuildConfiguration;
			buildSettings = {
				INFOPLIST_FILE = PicchannelUITests/Info.plist;
				LD_RUNPATH_SEARCH_PATHS = "$(inherited) @executable_path/Frameworks @loader_path/Frameworks";
				PRODUCT_BUNDLE_IDENTIFIER = com.ktp.PicchannelUITests;
				PRODUCT_NAME = "$(TARGET_NAME)";
				TEST_TARGET_NAME = Picchannel;
				USES_XCTRUNNER = YES;
			};
			name = Debug;
		};
		54CF6E4A1BD11B59004896A8 /* Release */ = {
			isa = XCBuildConfiguration;
			buildSettings = {
				INFOPLIST_FILE = PicchannelUITests/Info.plist;
				LD_RUNPATH_SEARCH_PATHS = "$(inherited) @executable_path/Frameworks @loader_path/Frameworks";
				PRODUCT_BUNDLE_IDENTIFIER = com.ktp.PicchannelUITests;
				PRODUCT_NAME = "$(TARGET_NAME)";
				TEST_TARGET_NAME = Picchannel;
				USES_XCTRUNNER = YES;
			};
			name = Release;
		};
/* End XCBuildConfiguration section */

/* Begin XCConfigurationList section */
		54CF6E151BD11B59004896A8 /* Build configuration list for PBXProject "Picchannel" */ = {
			isa = XCConfigurationList;
			buildConfigurations = (
				54CF6E401BD11B59004896A8 /* Debug */,
				54CF6E411BD11B59004896A8 /* Release */,
			);
			defaultConfigurationIsVisible = 0;
			defaultConfigurationName = Release;
		};
		54CF6E421BD11B59004896A8 /* Build configuration list for PBXNativeTarget "Picchannel" */ = {
			isa = XCConfigurationList;
			buildConfigurations = (
				54CF6E431BD11B59004896A8 /* Debug */,
				54CF6E441BD11B59004896A8 /* Release */,
			);
			defaultConfigurationIsVisible = 0;
			defaultConfigurationName = Release;
		};
		54CF6E451BD11B59004896A8 /* Build configuration list for PBXNativeTarget "PicchannelTests" */ = {
			isa = XCConfigurationList;
			buildConfigurations = (
				54CF6E461BD11B59004896A8 /* Debug */,
				54CF6E471BD11B59004896A8 /* Release */,
			);
			defaultConfigurationIsVisible = 0;
			defaultConfigurationName = Release;
		};
		54CF6E481BD11B59004896A8 /* Build configuration list for PBXNativeTarget "PicchannelUITests" */ = {
			isa = XCConfigurationList;
			buildConfigurations = (
				54CF6E491BD11B59004896A8 /* Debug */,
				54CF6E4A1BD11B59004896A8 /* Release */,
			);
			defaultConfigurationIsVisible = 0;
			defaultConfigurationName = Release;
		};
/* End XCConfigurationList section */
	};
	rootObject = 54CF6E121BD11B59004896A8 /* Project object */;
}
